PODS:
  - LGSideMenuController (2.1.1)

DEPENDENCIES:
  - LGSideMenuController

SPEC REPOS:
  https://github.com/cocoapods/specs.git:
    - LGSideMenuController

SPEC CHECKSUMS:
  LGSideMenuController: ae40c80983ab8b8801c7cef0a6804d43aaa72d45

PODFILE CHECKSUM: efe4d06940b5cba976f8d8353da2a40152ec14a8

COCOAPODS: 1.5.3
