// !$*UTF8*$!
{
	archiveVersion = 1;
	classes = {
	};
	objectVersion = 50;
	objects = {

/* Begin PBXBuildFile section */
		842B0C16215C72F700796A4B /* AppDelegate.swift in Sources */ = {isa = PBXBuildFile; fileRef = 842B0C15215C72F700796A4B /* AppDelegate.swift */; };
		842B0C18215C72F700796A4B /* ViewController.swift in Sources */ = {isa = PBXBuildFile; fileRef = 842B0C17215C72F700796A4B /* ViewController.swift */; };
		842B0C1B215C72F700796A4B /* Main.storyboard in Resources */ = {isa = PBXBuildFile; fileRef = 842B0C19215C72F700796A4B /* Main.storyboard */; };
		842B0C1D215C72F800796A4B /* Assets.xcassets in Resources */ = {isa = PBXBuildFile; fileRef = 842B0C1C215C72F800796A4B /* Assets.xcassets */; };
		842B0C20215C72F800796A4B /* LaunchScreen.storyboard in Resources */ = {isa = PBXBuildFile; fileRef = 842B0C1E215C72F800796A4B /* LaunchScreen.storyboard */; };
		842B0C2B215C72F800796A4B /* DemoSideMenuTests.swift in Sources */ = {isa = PBXBuildFile; fileRef = 842B0C2A215C72F800796A4B /* DemoSideMenuTests.swift */; };
		842B0C36215C72F900796A4B /* DemoSideMenuUITests.swift in Sources */ = {isa = PBXBuildFile; fileRef = 842B0C35215C72F900796A4B /* DemoSideMenuUITests.swift */; };
/* End PBXBuildFile section */

/* Begin PBXContainerItemProxy section */
		842B0C27215C72F800796A4B /* PBXContainerItemProxy */ = {
			isa = PBXContainerItemProxy;
			containerPortal = 842B0C0A215C72F700796A4B /* Project object */;
			proxyType = 1;
			remoteGlobalIDString = 842B0C11215C72F700796A4B;
			remoteInfo = DemoSideMenu;
		};
		842B0C32215C72F900796A4B /* PBXContainerItemProxy */ = {
			isa = PBXContainerItemProxy;
			containerPortal = 842B0C0A215C72F700796A4B /* Project object */;
			proxyType = 1;
			remoteGlobalIDString = 842B0C11215C72F700796A4B;
			remoteInfo = DemoSideMenu;
		};
/* End PBXContainerItemProxy section */

/* Begin PBXFileReference section */
		842B0C12215C72F700796A4B /* DemoSideMenu.app */ = {isa = PBXFileReference; explicitFileType = wrapper.application; includeInIndex = 0; path = DemoSideMenu.app; sourceTree = BUILT_PRODUCTS_DIR; };
		842B0C15215C72F700796A4B /* AppDelegate.swift */ = {isa = PBXFileReference; lastKnownFileType = sourcecode.swift; path = AppDelegate.swift; sourceTree = "<group>"; };
		842B0C17215C72F700796A4B /* ViewController.swift */ = {isa = PBXFileReference; lastKnownFileType = sourcecode.swift; path = ViewController.swift; sourceTree = "<group>"; };
		842B0C1A215C72F700796A4B /* Base */ = {isa = PBXFileReference; lastKnownFileType = file.storyboard; name = Base; path = Base.lproj/Main.storyboard; sourceTree = "<group>"; };
		842B0C1C215C72F800796A4B /* Assets.xcassets */ = {isa = PBXFileReference; lastKnownFileType = folder.assetcatalog; path = Assets.xcassets; sourceTree = "<group>"; };
		842B0C1F215C72F800796A4B /* Base */ = {isa = PBXFileReference; lastKnownFileType = file.storyboard; name = Base; path = Base.lproj/LaunchScreen.storyboard; sourceTree = "<group>"; };
		842B0C21215C72F800796A4B /* Info.plist */ = {isa = PBXFileReference; lastKnownFileType = text.plist.xml; path = Info.plist; sourceTree = "<group>"; };
		842B0C26215C72F800796A4B /* DemoSideMenuTests.xctest */ = {isa = PBXFileReference; explicitFileType = wrapper.cfbundle; includeInIndex = 0; path = DemoSideMenuTests.xctest; sourceTree = BUILT_PRODUCTS_DIR; };
		842B0C2A215C72F800796A4B /* DemoSideMenuTests.swift */ = {isa = PBXFileReference; lastKnownFileType = sourcecode.swift; path = DemoSideMenuTests.swift; sourceTree = "<group>"; };
		842B0C2C215C72F800796A4B /* Info.plist */ = {isa = PBXFileReference; lastKnownFileType = text.plist.xml; path = Info.plist; sourceTree = "<group>"; };
		842B0C31215C72F900796A4B /* DemoSideMenuUITests.xctest */ = {isa = PBXFileReference; explicitFileType = wrapper.cfbundle; includeInIndex = 0; path = DemoSideMenuUITests.xctest; sourceTree = BUILT_PRODUCTS_DIR; };
		842B0C35215C72F900796A4B /* DemoSideMenuUITests.swift */ = {isa = PBXFileReference; lastKnownFileType = sourcecode.swift; path = DemoSideMenuUITests.swift; sourceTree = "<group>"; };
		842B0C37215C72F900796A4B /* Info.plist */ = {isa = PBXFileReference; lastKnownFileType = text.plist.xml; path = Info.plist; sourceTree = "<group>"; };
/* End PBXFileReference section */

/* Begin PBXFrameworksBuildPhase section */
		842B0C0F215C72F700796A4B /* Frameworks */ = {
			isa = PBXFrameworksBuildPhase;
			buildActionMask = 2147483647;
			files = (
			);
			runOnlyForDeploymentPostprocessing = 0;
		};
		842B0C23215C72F800796A4B /* Frameworks */ = {
			isa = PBXFrameworksBuildPhase;
			buildActionMask = 2147483647;
			files = (
			);
			runOnlyForDeploymentPostprocessing = 0;
		};
		842B0C2E215C72F900796A4B /* Frameworks */ = {
			isa = PBXFrameworksBuildPhase;
			buildActionMask = 2147483647;
			files = (
			);
			runOnlyForDeploymentPostprocessing = 0;
		};
/* End PBXFrameworksBuildPhase section */

/* Begin PBXGroup section */
		842B0C09215C72F700796A4B = {
			isa = PBXGroup;
			children = (
				842B0C14215C72F700796A4B /* DemoSideMenu */,
				842B0C29215C72F800796A4B /* DemoSideMenuTests */,
				842B0C34215C72F900796A4B /* DemoSideMenuUITests */,
				842B0C13215C72F700796A4B /* Products */,
			);
			sourceTree = "<group>";
		};
		842B0C13215C72F700796A4B /* Products */ = {
			isa = PBXGroup;
			children = (
				842B0C12215C72F700796A4B /* DemoSideMenu.app */,
				842B0C26215C72F800796A4B /* DemoSideMenuTests.xctest */,
				842B0C31215C72F900796A4B /* DemoSideMenuUITests.xctest */,
			);
			name = Products;
			sourceTree = "<group>";
		};
		842B0C14215C72F700796A4B /* DemoSideMenu */ = {
			isa = PBXGroup;
			children = (
				842B0C15215C72F700796A4B /* AppDelegate.swift */,
				842B0C17215C72F700796A4B /* ViewController.swift */,
				842B0C19215C72F700796A4B /* Main.storyboard */,
				842B0C1C215C72F800796A4B /* Assets.xcassets */,
				842B0C1E215C72F800796A4B /* LaunchScreen.storyboard */,
				842B0C21215C72F800796A4B /* Info.plist */,
			);
			path = DemoSideMenu;
			sourceTree = "<group>";
		};
		842B0C29215C72F800796A4B /* DemoSideMenuTests */ = {
			isa = PBXGroup;
			children = (
				842B0C2A215C72F800796A4B /* DemoSideMenuTests.swift */,
				842B0C2C215C72F800796A4B /* Info.plist */,
			);
			path = DemoSideMenuTests;
			sourceTree = "<group>";
		};
		842B0C34215C72F900796A4B /* DemoSideMenuUITests */ = {
			isa = PBXGroup;
			children = (
				842B0C35215C72F900796A4B /* DemoSideMenuUITests.swift */,
				842B0C37215C72F900796A4B /* Info.plist */,
			);
			path = DemoSideMenuUITests;
			sourceTree = "<group>";
		};
/* End PBXGroup section */

/* Begin PBXNativeTarget section */
		842B0C11215C72F700796A4B /* DemoSideMenu */ = {
			isa = PBXNativeTarget;
			buildConfigurationList = 842B0C3A215C72F900796A4B /* Build configuration list for PBXNativeTarget "DemoSideMenu" */;
			buildPhases = (
				842B0C0E215C72F700796A4B /* Sources */,
				842B0C0F215C72F700796A4B /* Frameworks */,
				842B0C10215C72F700796A4B /* Resources */,
			);
			buildRules = (
			);
			dependencies = (
			);
			name = DemoSideMenu;
			productName = DemoSideMenu;
			productReference = 842B0C12215C72F700796A4B /* DemoSideMenu.app */;
			productType = "com.apple.product-type.application";
		};
		842B0C25215C72F800796A4B /* DemoSideMenuTests */ = {
			isa = PBXNativeTarget;
			buildConfigurationList = 842B0C3D215C72F900796A4B /* Build configuration list for PBXNativeTarget "DemoSideMenuTests" */;
			buildPhases = (
				842B0C22215C72F800796A4B /* Sources */,
				842B0C23215C72F800796A4B /* Frameworks */,
				842B0C24215C72F800796A4B /* Resources */,
			);
			buildRules = (
			);
			dependencies = (
				842B0C28215C72F800796A4B /* PBXTargetDependency */,
			);
			name = DemoSideMenuTests;
			productName = DemoSideMenuTests;
			productReference = 842B0C26215C72F800796A4B /* DemoSideMenuTests.xctest */;
			productType = "com.apple.product-type.bundle.unit-test";
		};
		842B0C30215C72F900796A4B /* DemoSideMenuUITests */ = {
			isa = PBXNativeTarget;
			buildConfigurationList = 842B0C40215C72F900796A4B /* Build configuration list for PBXNativeTarget "DemoSideMenuUITests" */;
			buildPhases = (
				842B0C2D215C72F900796A4B /* Sources */,
				842B0C2E215C72F900796A4B /* Frameworks */,
				842B0C2F215C72F900796A4B /* Resources */,
			);
			buildRules = (
			);
			dependencies = (
				842B0C33215C72F900796A4B /* PBXTargetDependency */,
			);
			name = DemoSideMenuUITests;
			productName = DemoSideMenuUITests;
			productReference = 842B0C31215C72F900796A4B /* DemoSideMenuUITests.xctest */;
			productType = "com.apple.product-type.bundle.ui-testing";
		};
/* End PBXNativeTarget section */

/* Begin PBXProject section */
		842B0C0A215C72F700796A4B /* Project object */ = {
			isa = PBXProject;
			attributes = {
				LastSwiftUpdateCheck = 0930;
				LastUpgradeCheck = 0930;
				ORGANIZATIONNAME = admin;
				TargetAttributes = {
					842B0C11215C72F700796A4B = {
						CreatedOnToolsVersion = 9.3.1;
					};
					842B0C25215C72F800796A4B = {
						CreatedOnToolsVersion = 9.3.1;
						TestTargetID = 842B0C11215C72F700796A4B;
					};
					842B0C30215C72F900796A4B = {
						CreatedOnToolsVersion = 9.3.1;
						TestTargetID = 842B0C11215C72F700796A4B;
					};
				};
			};
			buildConfigurationList = 842B0C0D215C72F700796A4B /* Build configuration list for PBXProject "DemoSideMenu" */;
			compatibilityVersion = "Xcode 9.3";
			developmentRegion = en;
			hasScannedForEncodings = 0;
			knownRegions = (
				en,
				Base,
			);
			mainGroup = 842B0C09215C72F700796A4B;
			productRefGroup = 842B0C13215C72F700796A4B /* Products */;
			projectDirPath = "";
			projectRoot = "";
			targets = (
				842B0C11215C72F700796A4B /* DemoSideMenu */,
				842B0C25215C72F800796A4B /* DemoSideMenuTests */,
				842B0C30215C72F900796A4B /* DemoSideMenuUITests */,
			);
		};
/* End PBXProject section */

/* Begin PBXResourcesBuildPhase section */
		842B0C10215C72F700796A4B /* Resources */ = {
			isa = PBXResourcesBuildPhase;
			buildActionMask = 2147483647;
			files = (
				842B0C20215C72F800796A4B /* LaunchScreen.storyboard in Resources */,
				842B0C1D215C72F800796A4B /* Assets.xcassets in Resources */,
				842B0C1B215C72F700796A4B /* Main.storyboard in Resources */,
			);
			runOnlyForDeploymentPostprocessing = 0;
		};
		842B0C24215C72F800796A4B /* Resources */ = {
			isa = PBXResourcesBuildPhase;
			buildActionMask = 2147483647;
			files = (
			);
			runOnlyForDeploymentPostprocessing = 0;
		};
		842B0C2F215C72F900796A4B /* Resources */ = {
			isa = PBXResourcesBuildPhase;
			buildActionMask = 2147483647;
			files = (
			);
			runOnlyForDeploymentPostprocessing = 0;
		};
/* End PBXResourcesBuildPhase section */

/* Begin PBXSourcesBuildPhase section */
		842B0C0E215C72F700796A4B /* Sources */ = {
			isa = PBXSourcesBuildPhase;
			buildActionMask = 2147483647;
			files = (
				842B0C18215C72F700796A4B /* ViewController.swift in Sources */,
				842B0C16215C72F700796A4B /* AppDelegate.swift in Sources */,
			);
			runOnlyForDeploymentPostprocessing = 0;
		};
		842B0C22215C72F800796A4B /* Sources */ = {
			isa = PBXSourcesBuildPhase;
			buildActionMask = 2147483647;
			files = (
				842B0C2B215C72F800796A4B /* DemoSideMenuTests.swift in Sources */,
			);
			runOnlyForDeploymentPostprocessing = 0;
		};
		842B0C2D215C72F900796A4B /* Sources */ = {
			isa = PBXSourcesBuildPhase;
			buildActionMask = 2147483647;
			files = (
				842B0C36215C72F900796A4B /* DemoSideMenuUITests.swift in Sources */,
			);
			runOnlyForDeploymentPostprocessing = 0;
		};
/* End PBXSourcesBuildPhase section */

/* Begin PBXTargetDependency section */
		842B0C28215C72F800796A4B /* PBXTargetDependency */ = {
			isa = PBXTargetDependency;
			target = 842B0C11215C72F700796A4B /* DemoSideMenu */;
			targetProxy = 842B0C27215C72F800796A4B /* PBXContainerItemProxy */;
		};
		842B0C33215C72F900796A4B /* PBXTargetDependency */ = {
			isa = PBXTargetDependency;
			target = 842B0C11215C72F700796A4B /* DemoSideMenu */;
			targetProxy = 842B0C32215C72F900796A4B /* PBXContainerItemProxy */;
		};
/* End PBXTargetDependency section */

/* Begin PBXVariantGroup section */
		842B0C19215C72F700796A4B /* Main.storyboard */ = {
			isa = PBXVariantGroup;
			children = (
				842B0C1A215C72F700796A4B /* Base */,
			);
			name = Main.storyboard;
			sourceTree = "<group>";
		};
		842B0C1E215C72F800796A4B /* LaunchScreen.storyboard */ = {
			isa = PBXVariantGroup;
			children = (
				842B0C1F215C72F800796A4B /* Base */,
			);
			name = LaunchScreen.storyboard;
			sourceTree = "<group>";
		};
/* End PBXVariantGroup section */

/* Begin XCBuildConfiguration section */
		842B0C38215C72F900796A4B /* Debug */ = {
			isa = XCBuildConfiguration;
			buildSettings = {
				ALWAYS_SEARCH_USER_PATHS = NO;
				CLANG_ANALYZER_NONNULL = YES;
				CLANG_ANALYZER_NUMBER_OBJECT_CONVERSION = YES_AGGRESSIVE;
				CLANG_CXX_LANGUAGE_STANDARD = "gnu++14";
				CLANG_CXX_LIBRARY = "libc++";
				CLANG_ENABLE_MODULES = YES;
				CLANG_ENABLE_OBJC_ARC = YES;
				CLANG_ENABLE_OBJC_WEAK = YES;
				CLANG_WARN_BLOCK_CAPTURE_AUTORELEASING = YES;
				CLANG_WARN_BOOL_CONVERSION = YES;
				CLANG_WARN_COMMA = YES;
				CLANG_WARN_CONSTANT_CONVERSION = YES;
				CLANG_WARN_DEPRECATED_OBJC_IMPLEMENTATIONS = YES;
				CLANG_WARN_DIRECT_OBJC_ISA_USAGE = YES_ERROR;
				CLANG_WARN_DOCUMENTATION_COMMENTS = YES;
				CLANG_WARN_EMPTY_BODY = YES;
				CLANG_WARN_ENUM_CONVERSION = YES;
				CLANG_WARN_INFINITE_RECURSION = YES;
				CLANG_WARN_INT_CONVERSION = YES;
				CLANG_WARN_NON_LITERAL_NULL_CONVERSION = YES;
				CLANG_WARN_OBJC_IMPLICIT_RETAIN_SELF = YES;
				CLANG_WARN_OBJC_LITERAL_CONVERSION = YES;
				CLANG_WARN_OBJC_ROOT_CLASS = YES_ERROR;
				CLANG_WARN_RANGE_LOOP_ANALYSIS = YES;
				CLANG_WARN_STRICT_PROTOTYPES = YES;
				CLANG_WARN_SUSPICIOUS_MOVE = YES;
				CLANG_WARN_UNGUARDED_AVAILABILITY = YES_AGGRESSIVE;
				CLANG_WARN_UNREACHABLE_CODE = YES;
				CLANG_WARN__DUPLICATE_METHOD_MATCH = YES;
				CODE_SIGN_IDENTITY = "iPhone Developer";
				COPY_PHASE_STRIP = NO;
				DEBUG_INFORMATION_FORMAT = dwarf;
				ENABLE_STRICT_OBJC_MSGSEND = YES;
				ENABLE_TESTABILITY = YES;
				GCC_C_LANGUAGE_STANDARD = gnu11;
				GCC_DYNAMIC_NO_PIC = NO;
				GCC_NO_COMMON_BLOCKS = YES;
				GCC_OPTIMIZATION_LEVEL = 0;
				GCC_PREPROCESSOR_DEFINITIONS = (
					"DEBUG=1",
					"$(inherited)",
				);
				GCC_WARN_64_TO_32_BIT_CONVERSION = YES;
				GCC_WARN_ABOUT_RETURN_TYPE = YES_ERROR;
				GCC_WARN_UNDECLARED_SELECTOR = YES;
				GCC_WARN_UNINITIALIZED_AUTOS = YES_AGGRESSIVE;
				GCC_WARN_UNUSED_FUNCTION = YES;
				GCC_WARN_UNUSED_VARIABLE = YES;
				IPHONEOS_DEPLOYMENT_TARGET = 11.3;
				MTL_ENABLE_DEBUG_INFO = YES;
				ONLY_ACTIVE_ARCH = YES;
				SDKROOT = iphoneos;
				SWIFT_ACTIVE_COMPILATION_CONDITIONS = DEBUG;
				SWIFT_OPTIMIZATION_LEVEL = "-Onone";
			};
			name = Debug;
		};
		842B0C39215C72F900796A4B /* Release */ = {
			isa = XCBuildConfiguration;
			buildSettings = {
				ALWAYS_SEARCH_USER_PATHS = NO;
				CLANG_ANALYZER_NONNULL = YES;
				CLANG_ANALYZER_NUMBER_OBJECT_CONVERSION = YES_AGGRESSIVE;
				CLANG_CXX_LANGUAGE_STANDARD = "gnu++14";
				CLANG_CXX_LIBRARY = "libc++";
				CLANG_ENABLE_MODULES = YES;
				CLANG_ENABLE_OBJC_ARC = YES;
				CLANG_ENABLE_OBJC_WEAK = YES;
				CLANG_WARN_BLOCK_CAPTURE_AUTORELEASING = YES;
				CLANG_WARN_BOOL_CONVERSION = YES;
				CLANG_WARN_COMMA = YES;
				CLANG_WARN_CONSTANT_CONVERSION = YES;
				CLANG_WARN_DEPRECATED_OBJC_IMPLEMENTATIONS = YES;
				CLANG_WARN_DIRECT_OBJC_ISA_USAGE = YES_ERROR;
				CLANG_WARN_DOCUMENTATION_COMMENTS = YES;
				CLANG_WARN_EMPTY_BODY = YES;
				CLANG_WARN_ENUM_CONVERSION = YES;
				CLANG_WARN_INFINITE_RECURSION = YES;
				CLANG_WARN_INT_CONVERSION = YES;
				CLANG_WARN_NON_LITERAL_NULL_CONVERSION = YES;
				CLANG_WARN_OBJC_IMPLICIT_RETAIN_SELF = YES;
				CLANG_WARN_OBJC_LITERAL_CONVERSION = YES;
				CLANG_WARN_OBJC_ROOT_CLASS = YES_ERROR;
				CLANG_WARN_RANGE_LOOP_ANALYSIS = YES;
				CLANG_WARN_STRICT_PROTOTYPES = YES;
				CLANG_WARN_SUSPICIOUS_MOVE = YES;
				CLANG_WARN_UNGUARDED_AVAILABILITY = YES_AGGRESSIVE;
				CLANG_WARN_UNREACHABLE_CODE = YES;
				CLANG_WARN__DUPLICATE_METHOD_MATCH = YES;
				CODE_SIGN_IDENTITY = "iPhone Developer";
				COPY_PHASE_STRIP = NO;
				DEBUG_INFORMATION_FORMAT = "dwarf-with-dsym";
				ENABLE_NS_ASSERTIONS = NO;
				ENABLE_STRICT_OBJC_MSGSEND = YES;
				GCC_C_LANGUAGE_STANDARD = gnu11;
				GCC_NO_COMMON_BLOCKS = YES;
				GCC_WARN_64_TO_32_BIT_CONVERSION = YES;
				GCC_WARN_ABOUT_RETURN_TYPE = YES_ERROR;
				GCC_WARN_UNDECLARED_SELECTOR = YES;
				GCC_WARN_UNINITIALIZED_AUTOS = YES_AGGRESSIVE;
				GCC_WARN_UNUSED_FUNCTION = YES;
				GCC_WARN_UNUSED_VARIABLE = YES;
				IPHONEOS_DEPLOYMENT_TARGET = 11.3;
				MTL_ENABLE_DEBUG_INFO = NO;
				SDKROOT = iphoneos;
				SWIFT_COMPILATION_MODE = wholemodule;
				SWIFT_OPTIMIZATION_LEVEL = "-O";
				VALIDATE_PRODUCT = YES;
			};
			name = Release;
		};
		842B0C3B215C72F900796A4B /* Debug */ = {
			isa = XCBuildConfiguration;
			buildSettings = {
				ASSETCATALOG_COMPILER_APPICON_NAME = AppIcon;
				CODE_SIGN_STYLE = Automatic;
				INFOPLIST_FILE = DemoSideMenu/Info.plist;
				LD_RUNPATH_SEARCH_PATHS = (
					"$(inherited)",
					"@executable_path/Frameworks",
				);
				PRODUCT_BUNDLE_IDENTIFIER = gem.fresher.DemoSideMenu;
				PRODUCT_NAME = "$(TARGET_NAME)";
				SWIFT_VERSION = 4.0;
				TARGETED_DEVICE_FAMILY = "1,2";
			};
			name = Debug;
		};
		842B0C3C215C72F900796A4B /* Release */ = {
			isa = XCBuildConfiguration;
			buildSettings = {
				ASSETCATALOG_COMPILER_APPICON_NAME = AppIcon;
				CODE_SIGN_STYLE = Automatic;
				INFOPLIST_FILE = DemoSideMenu/Info.plist;
				LD_RUNPATH_SEARCH_PATHS = (
					"$(inherited)",
					"@executable_path/Frameworks",
				);
				PRODUCT_BUNDLE_IDENTIFIER = gem.fresher.DemoSideMenu;
				PRODUCT_NAME = "$(TARGET_NAME)";
				SWIFT_VERSION = 4.0;
				TARGETED_DEVICE_FAMILY = "1,2";
			};
			name = Release;
		};
		842B0C3E215C72F900796A4B /* Debug */ = {
			isa = XCBuildConfiguration;
			buildSettings = {
				ALWAYS_EMBED_SWIFT_STANDARD_LIBRARIES = YES;
				BUNDLE_LOADER = "$(TEST_HOST)";
				CODE_SIGN_STYLE = Automatic;
				INFOPLIST_FILE = DemoSideMenuTests/Info.plist;
				LD_RUNPATH_SEARCH_PATHS = (
					"$(inherited)",
					"@executable_path/Frameworks",
					"@loader_path/Frameworks",
				);
				PRODUCT_BUNDLE_IDENTIFIER = gem.fresher.DemoSideMenuTests;
				PRODUCT_NAME = "$(TARGET_NAME)";
				SWIFT_VERSION = 4.0;
				TARGETED_DEVICE_FAMILY = "1,2";
				TEST_HOST = "$(BUILT_PRODUCTS_DIR)/DemoSideMenu.app/DemoSideMenu";
			};
			name = Debug;
		};
		842B0C3F215C72F900796A4B /* Release */ = {
			isa = XCBuildConfiguration;
			buildSettings = {
				ALWAYS_EMBED_SWIFT_STANDARD_LIBRARIES = YES;
				BUNDLE_LOADER = "$(TEST_HOST)";
				CODE_SIGN_STYLE = Automatic;
				INFOPLIST_FILE = DemoSideMenuTests/Info.plist;
				LD_RUNPATH_SEARCH_PATHS = (
					"$(inherited)",
					"@executable_path/Frameworks",
					"@loader_path/Frameworks",
				);
				PRODUCT_BUNDLE_IDENTIFIER = gem.fresher.DemoSideMenuTests;
				PRODUCT_NAME = "$(TARGET_NAME)";
				SWIFT_VERSION = 4.0;
				TARGETED_DEVICE_FAMILY = "1,2";
				TEST_HOST = "$(BUILT_PRODUCTS_DIR)/DemoSideMenu.app/DemoSideMenu";
			};
			name = Release;
		};
		842B0C41215C72F900796A4B /* Debug */ = {
			isa = XCBuildConfiguration;
			buildSettings = {
				ALWAYS_EMBED_SWIFT_STANDARD_LIBRARIES = YES;
				CODE_SIGN_STYLE = Automatic;
				INFOPLIST_FILE = DemoSideMenuUITests/Info.plist;
				LD_RUNPATH_SEARCH_PATHS = (
					"$(inherited)",
					"@executable_path/Frameworks",
					"@loader_path/Frameworks",
				);
				PRODUCT_BUNDLE_IDENTIFIER = gem.fresher.DemoSideMenuUITests;
				PRODUCT_NAME = "$(TARGET_NAME)";
				SWIFT_VERSION = 4.0;
				TARGETED_DEVICE_FAMILY = "1,2";
				TEST_TARGET_NAME = DemoSideMenu;
			};
			name = Debug;
		};
		842B0C42215C72F900796A4B /* Release */ = {
			isa = XCBuildConfiguration;
			buildSettings = {
				ALWAYS_EMBED_SWIFT_STANDARD_LIBRARIES = YES;
				CODE_SIGN_STYLE = Automatic;
				INFOPLIST_FILE = DemoSideMenuUITests/Info.plist;
				LD_RUNPATH_SEARCH_PATHS = (
					"$(inherited)",
					"@executable_path/Frameworks",
					"@loader_path/Frameworks",
				);
				PRODUCT_BUNDLE_IDENTIFIER = gem.fresher.DemoSideMenuUITests;
				PRODUCT_NAME = "$(TARGET_NAME)";
				SWIFT_VERSION = 4.0;
				TARGETED_DEVICE_FAMILY = "1,2";
				TEST_TARGET_NAME = DemoSideMenu;
			};
			name = Release;
		};
/* End XCBuildConfiguration section */

/* Begin XCConfigurationList section */
		842B0C0D215C72F700796A4B /* Build configuration list for PBXProject "DemoSideMenu" */ = {
			isa = XCConfigurationList;
			buildConfigurations = (
				842B0C38215C72F900796A4B /* Debug */,
				842B0C39215C72F900796A4B /* Release */,
			);
			defaultConfigurationIsVisible = 0;
			defaultConfigurationName = Release;
		};
		842B0C3A215C72F900796A4B /* Build configuration list for PBXNativeTarget "DemoSideMenu" */ = {
			isa = XCConfigurationList;
			buildConfigurations = (
				842B0C3B215C72F900796A4B /* Debug */,
				842B0C3C215C72F900796A4B /* Release */,
			);
			defaultConfigurationIsVisible = 0;
			defaultConfigurationName = Release;
		};
		842B0C3D215C72F900796A4B /* Build configuration list for PBXNativeTarget "DemoSideMenuTests" */ = {
			isa = XCConfigurationList;
			buildConfigurations = (
				842B0C3E215C72F900796A4B /* Debug */,
				842B0C3F215C72F900796A4B /* Release */,
			);
			defaultConfigurationIsVisible = 0;
			defaultConfigurationName = Release;
		};
		842B0C40215C72F900796A4B /* Build configuration list for PBXNativeTarget "DemoSideMenuUITests" */ = {
			isa = XCConfigurationList;
			buildConfigurations = (
				842B0C41215C72F900796A4B /* Debug */,
				842B0C42215C72F900796A4B /* Release */,
			);
			defaultConfigurationIsVisible = 0;
			defaultConfigurationName = Release;
		};
/* End XCConfigurationList section */
	};
	rootObject = 842B0C0A215C72F700796A4B /* Project object */;
}
